{
  "requires": true,
  "lockfileVersion": 1,
  "dependencies": {
    "phoenix": {
      "version": "1.5.15",
      "resolved": "https://registry.npmjs.org/phoenix/-/phoenix-1.5.15.tgz",
      "integrity": "sha512-hDXS4YTvpD4cc4dkmEAQUK+OZaAHMWL1G6T9JC1Y9cU6UuLFnV+h6FKweWiC8dJOnMAK+evl4iR4cpqqpjVVFQ=="
    }
  }
}
